<Solution>
  <Folder Name="/Src/">
    <Project Path="../TestProjectBuy/TestProjectBuy.csproj" Id="6b301620-cc2e-4624-80f4-9c1634198bce" />
    <Project Path="Application/Application.csproj" />
    <Project Path="Buy&amp;Sell/Buy&amp;Sell.csproj" />
    <Project Path="Domain/Domain.csproj" />
    <Project Path="Infastructure/Infastructure.csproj" />
  </Folder>
  <Folder Name="/Src/_ProjectGuid/">
    <File Path="CLUDE.md" />
    <File Path="FEATURES.md" />
    <File Path="PLAN.md" />
  </Folder>
  <Project Path="docker-compose.dcproj">
    <Build />
  </Project>
</Solution>
